
Microsoft Visual Studio Solution File, Format Version 12.00
# Visual Studio 15
VisualStudioVersion = 15.0.33801.198
MinimumVisualStudioVersion = 10.0.40219.1
Project("{8BC9CEB8-8B4A-11D0-8D11-00A0C91BC942}") = "推箱子", "ConsoleApplication2\ConsoleApplication2.vcxproj", "{7243E8AA-0D4B-4A3F-917A-45A107B63E10}"
EndProject
Project("{54435603-DBB4-11D2-8724-00A0C9A8B90C}") = "GGbond", "GGbond\GGbond.vdproj", "{17D672CC-54DB-4917-A28F-538B9E94DAE7}"
EndProject
Global
	GlobalSection(SolutionConfigurationPlatforms) = preSolution
		Debug|x64 = Debug|x64
		Debug|x86 = Debug|x86
		Release|x64 = Release|x64
		Release|x86 = Release|x86
	EndGlobalSection
	GlobalSection(ProjectConfigurationPlatforms) = postSolution
		{7243E8AA-0D4B-4A3F-917A-45A107B63E10}.Debug|x64.ActiveCfg = Debug|x64
		{7243E8AA-0D4B-4A3F-917A-45A107B63E10}.Debug|x64.Build.0 = Debug|x64
		{7243E8AA-0D4B-4A3F-917A-45A107B63E10}.Debug|x86.ActiveCfg = Debug|Win32
		{7243E8AA-0D4B-4A3F-917A-45A107B63E10}.Debug|x86.Build.0 = Debug|Win32
		{7243E8AA-0D4B-4A3F-917A-45A107B63E10}.Release|x64.ActiveCfg = Release|x64
		{7243E8AA-0D4B-4A3F-917A-45A107B63E10}.Release|x64.Build.0 = Release|x64
		{7243E8AA-0D4B-4A3F-917A-45A107B63E10}.Release|x86.ActiveCfg = Release|Win32
		{7243E8AA-0D4B-4A3F-917A-45A107B63E10}.Release|x86.Build.0 = Release|Win32
		{17D672CC-54DB-4917-A28F-538B9E94DAE7}.Debug|x64.ActiveCfg = Debug
		{17D672CC-54DB-4917-A28F-538B9E94DAE7}.Debug|x86.ActiveCfg = Debug
		{17D672CC-54DB-4917-A28F-538B9E94DAE7}.Release|x64.ActiveCfg = Release
		{17D672CC-54DB-4917-A28F-538B9E94DAE7}.Release|x86.ActiveCfg = Release
	EndGlobalSection
	GlobalSection(SolutionProperties) = preSolution
		HideSolutionNode = FALSE
	EndGlobalSection
	GlobalSection(ExtensibilityGlobals) = postSolution
		SolutionGuid = {B820D7C8-200E-40A9-8009-663A2FF4BF8E}
	EndGlobalSection
EndGlobal
